
Microsoft Visual Studio Solution File, Format Version 12.00
# Visual Studio Version 17
VisualStudioVersion = 17.10.34928.147
MinimumVisualStudioVersion = 10.0.40219.1
Project("{9A19103F-16F7-4668-BE54-9A1E7A4F7556}") = "Mop.Api", "Api\Mop.Api.csproj", "{9717FC58-4F26-4F3C-86F0-8CD61339915F}"
EndProject
Project("{9A19103F-16F7-4668-BE54-9A1E7A4F7556}") = "Mop.Services", "Domain\Mop.Services.csproj", "{86A8E3BC-4500-4BB1-8314-4D9710B6686D}"
EndProject
Project("{9A19103F-16F7-4668-BE54-9A1E7A4F7556}") = "Mop.Repository", "Repository\Mop.Repository.csproj", "{B5B26B65-ED57-4111-A4B2-13CD9FA41807}"
EndProject
Project("{9A19103F-16F7-4668-BE54-9A1E7A4F7556}") = "Mop.Context", "Context\Mop.Context.csproj", "{7961D1ED-9E9D-4466-A73A-A9A4F0A4D534}"
EndProject
Project("{FAE04EC0-301F-11D3-BF4B-00C04F79EFBC}") = "Mop.Model", "Mop.Model\Mop.Model.csproj", "{2EE9CC59-93D7-4F37-9C08-C513137EEDD1}"
EndProject
Project("{2150E333-8FDC-42A3-9474-1A3956D46DE8}") = "1.-Application", "1.-Application", "{F0AFBBF0-671A-4E6E-A9F8-1D2EF4A443EA}"
EndProject
Project("{2150E333-8FDC-42A3-9474-1A3956D46DE8}") = "2.-Domain", "2.-Domain", "{5E8EFC15-BDCF-4B83-972B-8EE75413DF2A}"
EndProject
Project("{2150E333-8FDC-42A3-9474-1A3956D46DE8}") = "3.-Infrastructure", "3.-Infrastructure", "{D4E678AC-100A-48A3-AE39-F47E3655673E}"
EndProject
Project("{FAE04EC0-301F-11D3-BF4B-00C04F79EFBC}") = "Mop.ExternalServices", "ExternalServices\Mop.ExternalServices.csproj", "{ABE7FB5A-8B9D-45B3-A9DA-EDF7BB9874B0}"
EndProject
Project("{2150E333-8FDC-42A3-9474-1A3956D46DE8}") = "4.-UnitTesting", "4.-UnitTesting", "{31D99EA2-4365-441A-90A9-0E8137C1E39F}"
EndProject
Project("{FAE04EC0-301F-11D3-BF4B-00C04F79EFBC}") = "Mop.Utilities", "Mop.Utilities\Mop.Utilities.csproj", "{8CA15344-1D3F-48F8-9C29-EF3AAEEC605A}"
EndProject
Project("{FAE04EC0-301F-11D3-BF4B-00C04F79EFBC}") = "TestProject", "TestProject\TestProject.csproj", "{89E1F81D-779B-4A8F-BAAB-B651F83BD84D}"
EndProject
Project("{FAE04EC0-301F-11D3-BF4B-00C04F79EFBC}") = "Mop.WebApp", "WebApp\Mop.WebApp.csproj", "{D80849EA-D0A4-418C-9F57-3B3F0E8CC2A7}"
EndProject
Global
	GlobalSection(SolutionConfigurationPlatforms) = preSolution
		Debug|Any CPU = Debug|Any CPU
		Release|Any CPU = Release|Any CPU
	EndGlobalSection
	GlobalSection(ProjectConfigurationPlatforms) = postSolution
		{9717FC58-4F26-4F3C-86F0-8CD61339915F}.Debug|Any CPU.ActiveCfg = Debug|Any CPU
		{9717FC58-4F26-4F3C-86F0-8CD61339915F}.Debug|Any CPU.Build.0 = Debug|Any CPU
		{9717FC58-4F26-4F3C-86F0-8CD61339915F}.Release|Any CPU.ActiveCfg = Release|Any CPU
		{9717FC58-4F26-4F3C-86F0-8CD61339915F}.Release|Any CPU.Build.0 = Release|Any CPU
		{86A8E3BC-4500-4BB1-8314-4D9710B6686D}.Debug|Any CPU.ActiveCfg = Debug|Any CPU
		{86A8E3BC-4500-4BB1-8314-4D9710B6686D}.Debug|Any CPU.Build.0 = Debug|Any CPU
		{86A8E3BC-4500-4BB1-8314-4D9710B6686D}.Release|Any CPU.ActiveCfg = Release|Any CPU
		{86A8E3BC-4500-4BB1-8314-4D9710B6686D}.Release|Any CPU.Build.0 = Release|Any CPU
		{B5B26B65-ED57-4111-A4B2-13CD9FA41807}.Debug|Any CPU.ActiveCfg = Debug|Any CPU
		{B5B26B65-ED57-4111-A4B2-13CD9FA41807}.Debug|Any CPU.Build.0 = Debug|Any CPU
		{B5B26B65-ED57-4111-A4B2-13CD9FA41807}.Release|Any CPU.ActiveCfg = Release|Any CPU
		{B5B26B65-ED57-4111-A4B2-13CD9FA41807}.Release|Any CPU.Build.0 = Release|Any CPU
		{7961D1ED-9E9D-4466-A73A-A9A4F0A4D534}.Debug|Any CPU.ActiveCfg = Debug|Any CPU
		{7961D1ED-9E9D-4466-A73A-A9A4F0A4D534}.Debug|Any CPU.Build.0 = Debug|Any CPU
		{7961D1ED-9E9D-4466-A73A-A9A4F0A4D534}.Release|Any CPU.ActiveCfg = Release|Any CPU
		{7961D1ED-9E9D-4466-A73A-A9A4F0A4D534}.Release|Any CPU.Build.0 = Release|Any CPU
		{2EE9CC59-93D7-4F37-9C08-C513137EEDD1}.Debug|Any CPU.ActiveCfg = Debug|Any CPU
		{2EE9CC59-93D7-4F37-9C08-C513137EEDD1}.Debug|Any CPU.Build.0 = Debug|Any CPU
		{2EE9CC59-93D7-4F37-9C08-C513137EEDD1}.Release|Any CPU.ActiveCfg = Release|Any CPU
		{2EE9CC59-93D7-4F37-9C08-C513137EEDD1}.Release|Any CPU.Build.0 = Release|Any CPU
		{ABE7FB5A-8B9D-45B3-A9DA-EDF7BB9874B0}.Debug|Any CPU.ActiveCfg = Debug|Any CPU
		{ABE7FB5A-8B9D-45B3-A9DA-EDF7BB9874B0}.Debug|Any CPU.Build.0 = Debug|Any CPU
		{ABE7FB5A-8B9D-45B3-A9DA-EDF7BB9874B0}.Release|Any CPU.ActiveCfg = Release|Any CPU
		{ABE7FB5A-8B9D-45B3-A9DA-EDF7BB9874B0}.Release|Any CPU.Build.0 = Release|Any CPU
		{8CA15344-1D3F-48F8-9C29-EF3AAEEC605A}.Debug|Any CPU.ActiveCfg = Debug|Any CPU
		{8CA15344-1D3F-48F8-9C29-EF3AAEEC605A}.Debug|Any CPU.Build.0 = Debug|Any CPU
		{8CA15344-1D3F-48F8-9C29-EF3AAEEC605A}.Release|Any CPU.ActiveCfg = Release|Any CPU
		{8CA15344-1D3F-48F8-9C29-EF3AAEEC605A}.Release|Any CPU.Build.0 = Release|Any CPU
		{89E1F81D-779B-4A8F-BAAB-B651F83BD84D}.Debug|Any CPU.ActiveCfg = Debug|Any CPU
		{89E1F81D-779B-4A8F-BAAB-B651F83BD84D}.Debug|Any CPU.Build.0 = Debug|Any CPU
		{89E1F81D-779B-4A8F-BAAB-B651F83BD84D}.Release|Any CPU.ActiveCfg = Release|Any CPU
		{89E1F81D-779B-4A8F-BAAB-B651F83BD84D}.Release|Any CPU.Build.0 = Release|Any CPU
		{D80849EA-D0A4-418C-9F57-3B3F0E8CC2A7}.Debug|Any CPU.ActiveCfg = Debug|Any CPU
		{D80849EA-D0A4-418C-9F57-3B3F0E8CC2A7}.Debug|Any CPU.Build.0 = Debug|Any CPU
		{D80849EA-D0A4-418C-9F57-3B3F0E8CC2A7}.Release|Any CPU.ActiveCfg = Release|Any CPU
		{D80849EA-D0A4-418C-9F57-3B3F0E8CC2A7}.Release|Any CPU.Build.0 = Release|Any CPU
	EndGlobalSection
	GlobalSection(SolutionProperties) = preSolution
		HideSolutionNode = FALSE
	EndGlobalSection
	GlobalSection(NestedProjects) = preSolution
		{9717FC58-4F26-4F3C-86F0-8CD61339915F} = {F0AFBBF0-671A-4E6E-A9F8-1D2EF4A443EA}
		{86A8E3BC-4500-4BB1-8314-4D9710B6686D} = {5E8EFC15-BDCF-4B83-972B-8EE75413DF2A}
		{B5B26B65-ED57-4111-A4B2-13CD9FA41807} = {5E8EFC15-BDCF-4B83-972B-8EE75413DF2A}
		{7961D1ED-9E9D-4466-A73A-A9A4F0A4D534} = {D4E678AC-100A-48A3-AE39-F47E3655673E}
		{2EE9CC59-93D7-4F37-9C08-C513137EEDD1} = {5E8EFC15-BDCF-4B83-972B-8EE75413DF2A}
		{ABE7FB5A-8B9D-45B3-A9DA-EDF7BB9874B0} = {D4E678AC-100A-48A3-AE39-F47E3655673E}
		{8CA15344-1D3F-48F8-9C29-EF3AAEEC605A} = {D4E678AC-100A-48A3-AE39-F47E3655673E}
		{89E1F81D-779B-4A8F-BAAB-B651F83BD84D} = {31D99EA2-4365-441A-90A9-0E8137C1E39F}
		{D80849EA-D0A4-418C-9F57-3B3F0E8CC2A7} = {F0AFBBF0-671A-4E6E-A9F8-1D2EF4A443EA}
	EndGlobalSection
	GlobalSection(ExtensibilityGlobals) = postSolution
		SolutionGuid = {31FF0D28-E276-4D63-AFAE-12DD1DADCB9F}
	EndGlobalSection
EndGlobal
